
Microsoft Visual Studio Solution File, Format Version 12.00
# Visual Studio 2012
# SharpDevelop 5.1
VisualStudioVersion = 12.0.21005.1
MinimumVisualStudioVersion = 10.0.40219.1
Project("{FAE04EC0-301F-11D3-BF4B-00C04F79EFBC}") = "einsatzLeitSoftware", "einsatzLeitSoftware\einsatzLeitSoftware.csproj", "{3E62E275-D87D-411F-AC0B-D03D83822197}"
EndProject
Project("{FAE04EC0-301F-11D3-BF4B-00C04F79EFBC}") = "MaterialSkin", "MaterialSkin\MaterialSkin.csproj", "{8EB7611B-68CD-4B8B-987A-11717E2B250C}"
EndProject
Project("{FAE04EC0-301F-11D3-BF4B-00C04F79EFBC}") = "Misc", "Misc\Misc.csproj", "{590ADAB5-6DE4-49E6-A3F5-685554C71F1B}"
EndProject
Global
	GlobalSection(SolutionConfigurationPlatforms) = preSolution
		Debug|Any CPU = Debug|Any CPU
		Release|Any CPU = Release|Any CPU
	EndGlobalSection
	GlobalSection(ProjectConfigurationPlatforms) = postSolution
		{3E62E275-D87D-411F-AC0B-D03D83822197}.Debug|Any CPU.ActiveCfg = Debug|Any CPU
		{3E62E275-D87D-411F-AC0B-D03D83822197}.Debug|Any CPU.Build.0 = Debug|Any CPU
		{3E62E275-D87D-411F-AC0B-D03D83822197}.Release|Any CPU.ActiveCfg = Release|Any CPU
		{3E62E275-D87D-411F-AC0B-D03D83822197}.Release|Any CPU.Build.0 = Release|Any CPU
		{8EB7611B-68CD-4B8B-987A-11717E2B250C}.Debug|Any CPU.ActiveCfg = Debug|Any CPU
		{8EB7611B-68CD-4B8B-987A-11717E2B250C}.Debug|Any CPU.Build.0 = Debug|Any CPU
		{8EB7611B-68CD-4B8B-987A-11717E2B250C}.Release|Any CPU.ActiveCfg = Release|Any CPU
		{8EB7611B-68CD-4B8B-987A-11717E2B250C}.Release|Any CPU.Build.0 = Release|Any CPU
		{590ADAB5-6DE4-49E6-A3F5-685554C71F1B}.Debug|Any CPU.ActiveCfg = Debug|Any CPU
		{590ADAB5-6DE4-49E6-A3F5-685554C71F1B}.Debug|Any CPU.Build.0 = Debug|Any CPU
		{590ADAB5-6DE4-49E6-A3F5-685554C71F1B}.Release|Any CPU.ActiveCfg = Release|Any CPU
		{590ADAB5-6DE4-49E6-A3F5-685554C71F1B}.Release|Any CPU.Build.0 = Release|Any CPU
	EndGlobalSection
	GlobalSection(SolutionProperties) = preSolution
		HideSolutionNode = FALSE
	EndGlobalSection
EndGlobal
